// !$*UTF8*$!
{
	archiveVersion = 1;
	classes = {
	};
	objectVersion = 55;
	objects = {

/* Begin PBXBuildFile section */
		AB097444271D69B2005D9037 /* AppDelegate.swift in Sources */ = {isa = PBXBuildFile; fileRef = AB097443271D69B2005D9037 /* AppDelegate.swift */; };
		AB097446271D69B2005D9037 /* SceneDelegate.swift in Sources */ = {isa = PBXBuildFile; fileRef = AB097445271D69B2005D9037 /* SceneDelegate.swift */; };
		AB097448271D69B2005D9037 /* BirdcallMapViewController.swift in Sources */ = {isa = PBXBuildFile; fileRef = AB097447271D69B2005D9037 /* BirdcallMapViewController.swift */; };
		AB09744B271D69B2005D9037 /* Main.storyboard in Resources */ = {isa = PBXBuildFile; fileRef = AB097449271D69B2005D9037 /* Main.storyboard */; };
		AB09744D271D69B3005D9037 /* Assets.xcassets in Resources */ = {isa = PBXBuildFile; fileRef = AB09744C271D69B3005D9037 /* Assets.xcassets */; };
		AB097450271D69B3005D9037 /* LaunchScreen.storyboard in Resources */ = {isa = PBXBuildFile; fileRef = AB09744E271D69B3005D9037 /* LaunchScreen.storyboard */; };
		AB09745C271D6F15005D9037 /* Birdcalls.xcdatamodeld in Sources */ = {isa = PBXBuildFile; fileRef = AB09745A271D6F15005D9037 /* Birdcalls.xcdatamodeld */; };
		AB09745E271D7931005D9037 /* MKBirdcallAnnotation.swift in Sources */ = {isa = PBXBuildFile; fileRef = AB09745D271D7931005D9037 /* MKBirdcallAnnotation.swift */; };
		AB097460271D7C2D005D9037 /* MapState.swift in Sources */ = {isa = PBXBuildFile; fileRef = AB09745F271D7C2D005D9037 /* MapState.swift */; };
		AB097462271D7CCD005D9037 /* DataController.swift in Sources */ = {isa = PBXBuildFile; fileRef = AB097461271D7CCD005D9037 /* DataController.swift */; };
		AB097467271D7D6F005D9037 /* ErrorResponse.swift in Sources */ = {isa = PBXBuildFile; fileRef = AB097464271D7D6E005D9037 /* ErrorResponse.swift */; };
		AB097468271D7D6F005D9037 /* FlickrClient.swift in Sources */ = {isa = PBXBuildFile; fileRef = AB097465271D7D6F005D9037 /* FlickrClient.swift */; };
		AB097469271D7D6F005D9037 /* PhotoURLsResponse.swift in Sources */ = {isa = PBXBuildFile; fileRef = AB097466271D7D6F005D9037 /* PhotoURLsResponse.swift */; };
		AB09746B271D823C005D9037 /* DetailsViewController.swift in Sources */ = {isa = PBXBuildFile; fileRef = AB09746A271D823C005D9037 /* DetailsViewController.swift */; };
		AB09746D271D8255005D9037 /* RecordViewController.swift in Sources */ = {isa = PBXBuildFile; fileRef = AB09746C271D8255005D9037 /* RecordViewController.swift */; };
/* End PBXBuildFile section */

/* Begin PBXFileReference section */
		AB097440271D69B2005D9037 /* iBirdcallLibrarian.app */ = {isa = PBXFileReference; explicitFileType = wrapper.application; includeInIndex = 0; path = iBirdcallLibrarian.app; sourceTree = BUILT_PRODUCTS_DIR; };
		AB097443271D69B2005D9037 /* AppDelegate.swift */ = {isa = PBXFileReference; lastKnownFileType = sourcecode.swift; path = AppDelegate.swift; sourceTree = "<group>"; };
		AB097445271D69B2005D9037 /* SceneDelegate.swift */ = {isa = PBXFileReference; lastKnownFileType = sourcecode.swift; path = SceneDelegate.swift; sourceTree = "<group>"; };
		AB097447271D69B2005D9037 /* BirdcallMapViewController.swift */ = {isa = PBXFileReference; lastKnownFileType = sourcecode.swift; path = BirdcallMapViewController.swift; sourceTree = "<group>"; };
		AB09744A271D69B2005D9037 /* Base */ = {isa = PBXFileReference; lastKnownFileType = file.storyboard; name = Base; path = Base.lproj/Main.storyboard; sourceTree = "<group>"; };
		AB09744C271D69B3005D9037 /* Assets.xcassets */ = {isa = PBXFileReference; lastKnownFileType = folder.assetcatalog; path = Assets.xcassets; sourceTree = "<group>"; };
		AB09744F271D69B3005D9037 /* Base */ = {isa = PBXFileReference; lastKnownFileType = file.storyboard; name = Base; path = Base.lproj/LaunchScreen.storyboard; sourceTree = "<group>"; };
		AB097451271D69B3005D9037 /* Info.plist */ = {isa = PBXFileReference; lastKnownFileType = text.plist.xml; path = Info.plist; sourceTree = "<group>"; };
		AB09745B271D6F15005D9037 /* Model.xcdatamodel */ = {isa = PBXFileReference; lastKnownFileType = wrapper.xcdatamodel; path = Model.xcdatamodel; sourceTree = "<group>"; };
		AB09745D271D7931005D9037 /* MKBirdcallAnnotation.swift */ = {isa = PBXFileReference; lastKnownFileType = sourcecode.swift; path = MKBirdcallAnnotation.swift; sourceTree = "<group>"; };
		AB09745F271D7C2D005D9037 /* MapState.swift */ = {isa = PBXFileReference; fileEncoding = 4; lastKnownFileType = sourcecode.swift; path = MapState.swift; sourceTree = "<group>"; };
		AB097461271D7CCD005D9037 /* DataController.swift */ = {isa = PBXFileReference; fileEncoding = 4; lastKnownFileType = sourcecode.swift; path = DataController.swift; sourceTree = "<group>"; };
		AB097464271D7D6E005D9037 /* ErrorResponse.swift */ = {isa = PBXFileReference; fileEncoding = 4; lastKnownFileType = sourcecode.swift; path = ErrorResponse.swift; sourceTree = "<group>"; };
		AB097465271D7D6F005D9037 /* FlickrClient.swift */ = {isa = PBXFileReference; fileEncoding = 4; lastKnownFileType = sourcecode.swift; path = FlickrClient.swift; sourceTree = "<group>"; };
		AB097466271D7D6F005D9037 /* PhotoURLsResponse.swift */ = {isa = PBXFileReference; fileEncoding = 4; lastKnownFileType = sourcecode.swift; path = PhotoURLsResponse.swift; sourceTree = "<group>"; };
		AB09746A271D823C005D9037 /* DetailsViewController.swift */ = {isa = PBXFileReference; lastKnownFileType = sourcecode.swift; path = DetailsViewController.swift; sourceTree = "<group>"; };
		AB09746C271D8255005D9037 /* RecordViewController.swift */ = {isa = PBXFileReference; lastKnownFileType = sourcecode.swift; path = RecordViewController.swift; sourceTree = "<group>"; };
/* End PBXFileReference section */

/* Begin PBXFrameworksBuildPhase section */
		AB09743D271D69B2005D9037 /* Frameworks */ = {
			isa = PBXFrameworksBuildPhase;
			buildActionMask = 2147483647;
			files = (
			);
			runOnlyForDeploymentPostprocessing = 0;
		};
/* End PBXFrameworksBuildPhase section */

/* Begin PBXGroup section */
		AB097437271D69B2005D9037 = {
			isa = PBXGroup;
			children = (
				AB097442271D69B2005D9037 /* iBirdcallLibrarian */,
				AB097441271D69B2005D9037 /* Products */,
			);
			sourceTree = "<group>";
		};
		AB097441271D69B2005D9037 /* Products */ = {
			isa = PBXGroup;
			children = (
				AB097440271D69B2005D9037 /* iBirdcallLibrarian.app */,
			);
			name = Products;
			sourceTree = "<group>";
		};
		AB097442271D69B2005D9037 /* iBirdcallLibrarian */ = {
			isa = PBXGroup;
			children = (
				AB097457271D6A2B005D9037 /* Model */,
				AB097458271D6A3B005D9037 /* View */,
				AB097459271D6A4A005D9037 /* Controller */,
				AB097443271D69B2005D9037 /* AppDelegate.swift */,
				AB097445271D69B2005D9037 /* SceneDelegate.swift */,
				AB097449271D69B2005D9037 /* Main.storyboard */,
				AB09744C271D69B3005D9037 /* Assets.xcassets */,
				AB09744E271D69B3005D9037 /* LaunchScreen.storyboard */,
				AB097451271D69B3005D9037 /* Info.plist */,
			);
			path = iBirdcallLibrarian;
			sourceTree = "<group>";
		};
		AB097457271D6A2B005D9037 /* Model */ = {
			isa = PBXGroup;
			children = (
				AB097463271D7D2B005D9037 /* Flickr */,
				AB097461271D7CCD005D9037 /* DataController.swift */,
				AB09745A271D6F15005D9037 /* Birdcalls.xcdatamodeld */,
			);
			path = Model;
			sourceTree = "<group>";
		};
		AB097458271D6A3B005D9037 /* View */ = {
			isa = PBXGroup;
			children = (
				AB09745F271D7C2D005D9037 /* MapState.swift */,
				AB09745D271D7931005D9037 /* MKBirdcallAnnotation.swift */,
			);
			path = View;
			sourceTree = "<group>";
		};
		AB097459271D6A4A005D9037 /* Controller */ = {
			isa = PBXGroup;
			children = (
				AB097447271D69B2005D9037 /* BirdcallMapViewController.swift */,
				AB09746A271D823C005D9037 /* DetailsViewController.swift */,
				AB09746C271D8255005D9037 /* RecordViewController.swift */,
			);
			path = Controller;
			sourceTree = "<group>";
		};
		AB097463271D7D2B005D9037 /* Flickr */ = {
			isa = PBXGroup;
			children = (
				AB097464271D7D6E005D9037 /* ErrorResponse.swift */,
				AB097465271D7D6F005D9037 /* FlickrClient.swift */,
				AB097466271D7D6F005D9037 /* PhotoURLsResponse.swift */,
			);
			path = Flickr;
			sourceTree = "<group>";
		};
/* End PBXGroup section */

/* Begin PBXNativeTarget section */
		AB09743F271D69B2005D9037 /* iBirdcallLibrarian */ = {
			isa = PBXNativeTarget;
			buildConfigurationList = AB097454271D69B3005D9037 /* Build configuration list for PBXNativeTarget "iBirdcallLibrarian" */;
			buildPhases = (
				AB09743C271D69B2005D9037 /* Sources */,
				AB09743D271D69B2005D9037 /* Frameworks */,
				AB09743E271D69B2005D9037 /* Resources */,
			);
			buildRules = (
			);
			dependencies = (
			);
			name = iBirdcallLibrarian;
			productName = iBirdcallLibrarian;
			productReference = AB097440271D69B2005D9037 /* iBirdcallLibrarian.app */;
			productType = "com.apple.product-type.application";
		};
/* End PBXNativeTarget section */

/* Begin PBXProject section */
		AB097438271D69B2005D9037 /* Project object */ = {
			isa = PBXProject;
			attributes = {
				BuildIndependentTargetsInParallel = 1;
				LastSwiftUpdateCheck = 1300;
				LastUpgradeCheck = 1300;
				TargetAttributes = {
					AB09743F271D69B2005D9037 = {
						CreatedOnToolsVersion = 13.0;
					};
				};
			};
			buildConfigurationList = AB09743B271D69B2005D9037 /* Build configuration list for PBXProject "iBirdcallLibrarian" */;
			compatibilityVersion = "Xcode 13.0";
			developmentRegion = en;
			hasScannedForEncodings = 0;
			knownRegions = (
				en,
				Base,
			);
			mainGroup = AB097437271D69B2005D9037;
			productRefGroup = AB097441271D69B2005D9037 /* Products */;
			projectDirPath = "";
			projectRoot = "";
			targets = (
				AB09743F271D69B2005D9037 /* iBirdcallLibrarian */,
			);
		};
/* End PBXProject section */

/* Begin PBXResourcesBuildPhase section */
		AB09743E271D69B2005D9037 /* Resources */ = {
			isa = PBXResourcesBuildPhase;
			buildActionMask = 2147483647;
			files = (
				AB097450271D69B3005D9037 /* LaunchScreen.storyboard in Resources */,
				AB09744D271D69B3005D9037 /* Assets.xcassets in Resources */,
				AB09744B271D69B2005D9037 /* Main.storyboard in Resources */,
			);
			runOnlyForDeploymentPostprocessing = 0;
		};
/* End PBXResourcesBuildPhase section */

/* Begin PBXSourcesBuildPhase section */
		AB09743C271D69B2005D9037 /* Sources */ = {
			isa = PBXSourcesBuildPhase;
			buildActionMask = 2147483647;
			files = (
				AB097462271D7CCD005D9037 /* DataController.swift in Sources */,
				AB097460271D7C2D005D9037 /* MapState.swift in Sources */,
				AB097448271D69B2005D9037 /* BirdcallMapViewController.swift in Sources */,
				AB09746D271D8255005D9037 /* RecordViewController.swift in Sources */,
				AB09746B271D823C005D9037 /* DetailsViewController.swift in Sources */,
				AB097444271D69B2005D9037 /* AppDelegate.swift in Sources */,
				AB097446271D69B2005D9037 /* SceneDelegate.swift in Sources */,
				AB097469271D7D6F005D9037 /* PhotoURLsResponse.swift in Sources */,
				AB09745E271D7931005D9037 /* MKBirdcallAnnotation.swift in Sources */,
				AB09745C271D6F15005D9037 /* Birdcalls.xcdatamodeld in Sources */,
				AB097467271D7D6F005D9037 /* ErrorResponse.swift in Sources */,
				AB097468271D7D6F005D9037 /* FlickrClient.swift in Sources */,
			);
			runOnlyForDeploymentPostprocessing = 0;
		};
/* End PBXSourcesBuildPhase section */

/* Begin PBXVariantGroup section */
		AB097449271D69B2005D9037 /* Main.storyboard */ = {
			isa = PBXVariantGroup;
			children = (
				AB09744A271D69B2005D9037 /* Base */,
			);
			name = Main.storyboard;
			sourceTree = "<group>";
		};
		AB09744E271D69B3005D9037 /* LaunchScreen.storyboard */ = {
			isa = PBXVariantGroup;
			children = (
				AB09744F271D69B3005D9037 /* Base */,
			);
			name = LaunchScreen.storyboard;
			sourceTree = "<group>";
		};
/* End PBXVariantGroup section */

/* Begin XCBuildConfiguration section */
		AB097452271D69B3005D9037 /* Debug */ = {
			isa = XCBuildConfiguration;
			buildSettings = {
				ALWAYS_SEARCH_USER_PATHS = NO;
				CLANG_ANALYZER_NONNULL = YES;
				CLANG_ANALYZER_NUMBER_OBJECT_CONVERSION = YES_AGGRESSIVE;
				CLANG_CXX_LANGUAGE_STANDARD = "gnu++17";
				CLANG_CXX_LIBRARY = "libc++";
				CLANG_ENABLE_MODULES = YES;
				CLANG_ENABLE_OBJC_ARC = YES;
				CLANG_ENABLE_OBJC_WEAK = YES;
				CLANG_WARN_BLOCK_CAPTURE_AUTORELEASING = YES;
				CLANG_WARN_BOOL_CONVERSION = YES;
				CLANG_WARN_COMMA = YES;
				CLANG_WARN_CONSTANT_CONVERSION = YES;
				CLANG_WARN_DEPRECATED_OBJC_IMPLEMENTATIONS = YES;
				CLANG_WARN_DIRECT_OBJC_ISA_USAGE = YES_ERROR;
				CLANG_WARN_DOCUMENTATION_COMMENTS = YES;
				CLANG_WARN_EMPTY_BODY = YES;
				CLANG_WARN_ENUM_CONVERSION = YES;
				CLANG_WARN_INFINITE_RECURSION = YES;
				CLANG_WARN_INT_CONVERSION = YES;
				CLANG_WARN_NON_LITERAL_NULL_CONVERSION = YES;
				CLANG_WARN_OBJC_IMPLICIT_RETAIN_SELF = YES;
				CLANG_WARN_OBJC_LITERAL_CONVERSION = YES;
				CLANG_WARN_OBJC_ROOT_CLASS = YES_ERROR;
				CLANG_WARN_QUOTED_INCLUDE_IN_FRAMEWORK_HEADER = YES;
				CLANG_WARN_RANGE_LOOP_ANALYSIS = YES;
				CLANG_WARN_STRICT_PROTOTYPES = YES;
				CLANG_WARN_SUSPICIOUS_MOVE = YES;
				CLANG_WARN_UNGUARDED_AVAILABILITY = YES_AGGRESSIVE;
				CLANG_WARN_UNREACHABLE_CODE = YES;
				CLANG_WARN__DUPLICATE_METHOD_MATCH = YES;
				COPY_PHASE_STRIP = NO;
				DEBUG_INFORMATION_FORMAT = dwarf;
				ENABLE_STRICT_OBJC_MSGSEND = YES;
				ENABLE_TESTABILITY = YES;
				GCC_C_LANGUAGE_STANDARD = gnu11;
				GCC_DYNAMIC_NO_PIC = NO;
				GCC_NO_COMMON_BLOCKS = YES;
				GCC_OPTIMIZATION_LEVEL = 0;
				GCC_PREPROCESSOR_DEFINITIONS = (
					"DEBUG=1",
					"$(inherited)",
				);
				GCC_WARN_64_TO_32_BIT_CONVERSION = YES;
				GCC_WARN_ABOUT_RETURN_TYPE = YES_ERROR;
				GCC_WARN_UNDECLARED_SELECTOR = YES;
				GCC_WARN_UNINITIALIZED_AUTOS = YES_AGGRESSIVE;
				GCC_WARN_UNUSED_FUNCTION = YES;
				GCC_WARN_UNUSED_VARIABLE = YES;
				IPHONEOS_DEPLOYMENT_TARGET = 15.0;
				MTL_ENABLE_DEBUG_INFO = INCLUDE_SOURCE;
				MTL_FAST_MATH = YES;
				ONLY_ACTIVE_ARCH = YES;
				SDKROOT = iphoneos;
				SWIFT_ACTIVE_COMPILATION_CONDITIONS = DEBUG;
				SWIFT_OPTIMIZATION_LEVEL = "-Onone";
			};
			name = Debug;
		};
		AB097453271D69B3005D9037 /* Release */ = {
			isa = XCBuildConfiguration;
			buildSettings = {
				ALWAYS_SEARCH_USER_PATHS = NO;
				CLANG_ANALYZER_NONNULL = YES;
				CLANG_ANALYZER_NUMBER_OBJECT_CONVERSION = YES_AGGRESSIVE;
				CLANG_CXX_LANGUAGE_STANDARD = "gnu++17";
				CLANG_CXX_LIBRARY = "libc++";
				CLANG_ENABLE_MODULES = YES;
				CLANG_ENABLE_OBJC_ARC = YES;
				CLANG_ENABLE_OBJC_WEAK = YES;
				CLANG_WARN_BLOCK_CAPTURE_AUTORELEASING = YES;
				CLANG_WARN_BOOL_CONVERSION = YES;
				CLANG_WARN_COMMA = YES;
				CLANG_WARN_CONSTANT_CONVERSION = YES;
				CLANG_WARN_DEPRECATED_OBJC_IMPLEMENTATIONS = YES;
				CLANG_WARN_DIRECT_OBJC_ISA_USAGE = YES_ERROR;
				CLANG_WARN_DOCUMENTATION_COMMENTS = YES;
				CLANG_WARN_EMPTY_BODY = YES;
				CLANG_WARN_ENUM_CONVERSION = YES;
				CLANG_WARN_INFINITE_RECURSION = YES;
				CLANG_WARN_INT_CONVERSION = YES;
				CLANG_WARN_NON_LITERAL_NULL_CONVERSION = YES;
				CLANG_WARN_OBJC_IMPLICIT_RETAIN_SELF = YES;
				CLANG_WARN_OBJC_LITERAL_CONVERSION = YES;
				CLANG_WARN_OBJC_ROOT_CLASS = YES_ERROR;
				CLANG_WARN_QUOTED_INCLUDE_IN_FRAMEWORK_HEADER = YES;
				CLANG_WARN_RANGE_LOOP_ANALYSIS = YES;
				CLANG_WARN_STRICT_PROTOTYPES = YES;
				CLANG_WARN_SUSPICIOUS_MOVE = YES;
				CLANG_WARN_UNGUARDED_AVAILABILITY = YES_AGGRESSIVE;
				CLANG_WARN_UNREACHABLE_CODE = YES;
				CLANG_WARN__DUPLICATE_METHOD_MATCH = YES;
				COPY_PHASE_STRIP = NO;
				DEBUG_INFORMATION_FORMAT = "dwarf-with-dsym";
				ENABLE_NS_ASSERTIONS = NO;
				ENABLE_STRICT_OBJC_MSGSEND = YES;
				GCC_C_LANGUAGE_STANDARD = gnu11;
				GCC_NO_COMMON_BLOCKS = YES;
				GCC_WARN_64_TO_32_BIT_CONVERSION = YES;
				GCC_WARN_ABOUT_RETURN_TYPE = YES_ERROR;
				GCC_WARN_UNDECLARED_SELECTOR = YES;
				GCC_WARN_UNINITIALIZED_AUTOS = YES_AGGRESSIVE;
				GCC_WARN_UNUSED_FUNCTION = YES;
				GCC_WARN_UNUSED_VARIABLE = YES;
				IPHONEOS_DEPLOYMENT_TARGET = 15.0;
				MTL_ENABLE_DEBUG_INFO = NO;
				MTL_FAST_MATH = YES;
				SDKROOT = iphoneos;
				SWIFT_COMPILATION_MODE = wholemodule;
				SWIFT_OPTIMIZATION_LEVEL = "-O";
				VALIDATE_PRODUCT = YES;
			};
			name = Release;
		};
		AB097455271D69B3005D9037 /* Debug */ = {
			isa = XCBuildConfiguration;
			buildSettings = {
				ASSETCATALOG_COMPILER_APPICON_NAME = AppIcon;
				ASSETCATALOG_COMPILER_GLOBAL_ACCENT_COLOR_NAME = AccentColor;
				CODE_SIGN_STYLE = Automatic;
				CURRENT_PROJECT_VERSION = 1;
				GENERATE_INFOPLIST_FILE = YES;
				INFOPLIST_FILE = iBirdcallLibrarian/Info.plist;
				INFOPLIST_KEY_UIApplicationSupportsIndirectInputEvents = YES;
				INFOPLIST_KEY_UILaunchStoryboardName = LaunchScreen;
				INFOPLIST_KEY_UIMainStoryboardFile = Main;
				INFOPLIST_KEY_UISupportedInterfaceOrientations_iPad = "UIInterfaceOrientationPortrait UIInterfaceOrientationPortraitUpsideDown UIInterfaceOrientationLandscapeLeft UIInterfaceOrientationLandscapeRight";
				INFOPLIST_KEY_UISupportedInterfaceOrientations_iPhone = "UIInterfaceOrientationPortrait UIInterfaceOrientationLandscapeLeft UIInterfaceOrientationLandscapeRight";
				LD_RUNPATH_SEARCH_PATHS = (
					"$(inherited)",
					"@executable_path/Frameworks",
				);
				MARKETING_VERSION = 1.0;
				PRODUCT_BUNDLE_IDENTIFIER = Jonathan.Mason.iBirdcallLibrarian;
				PRODUCT_NAME = "$(TARGET_NAME)";
				SWIFT_EMIT_LOC_STRINGS = YES;
				SWIFT_VERSION = 5.0;
				TARGETED_DEVICE_FAMILY = "1,2";
			};
			name = Debug;
		};
		AB097456271D69B3005D9037 /* Release */ = {
			isa = XCBuildConfiguration;
			buildSettings = {
				ASSETCATALOG_COMPILER_APPICON_NAME = AppIcon;
				ASSETCATALOG_COMPILER_GLOBAL_ACCENT_COLOR_NAME = AccentColor;
				CODE_SIGN_STYLE = Automatic;
				CURRENT_PROJECT_VERSION = 1;
				GENERATE_INFOPLIST_FILE = YES;
				INFOPLIST_FILE = iBirdcallLibrarian/Info.plist;
				INFOPLIST_KEY_UIApplicationSupportsIndirectInputEvents = YES;
				INFOPLIST_KEY_UILaunchStoryboardName = LaunchScreen;
				INFOPLIST_KEY_UIMainStoryboardFile = Main;
				INFOPLIST_KEY_UISupportedInterfaceOrientations_iPad = "UIInterfaceOrientationPortrait UIInterfaceOrientationPortraitUpsideDown UIInterfaceOrientationLandscapeLeft UIInterfaceOrientationLandscapeRight";
				INFOPLIST_KEY_UISupportedInterfaceOrientations_iPhone = "UIInterfaceOrientationPortrait UIInterfaceOrientationLandscapeLeft UIInterfaceOrientationLandscapeRight";
				LD_RUNPATH_SEARCH_PATHS = (
					"$(inherited)",
					"@executable_path/Frameworks",
				);
				MARKETING_VERSION = 1.0;
				PRODUCT_BUNDLE_IDENTIFIER = Jonathan.Mason.iBirdcallLibrarian;
				PRODUCT_NAME = "$(TARGET_NAME)";
				SWIFT_EMIT_LOC_STRINGS = YES;
				SWIFT_VERSION = 5.0;
				TARGETED_DEVICE_FAMILY = "1,2";
			};
			name = Release;
		};
/* End XCBuildConfiguration section */

/* Begin XCConfigurationList section */
		AB09743B271D69B2005D9037 /* Build configuration list for PBXProject "iBirdcallLibrarian" */ = {
			isa = XCConfigurationList;
			buildConfigurations = (
				AB097452271D69B3005D9037 /* Debug */,
				AB097453271D69B3005D9037 /* Release */,
			);
			defaultConfigurationIsVisible = 0;
			defaultConfigurationName = Release;
		};
		AB097454271D69B3005D9037 /* Build configuration list for PBXNativeTarget "iBirdcallLibrarian" */ = {
			isa = XCConfigurationList;
			buildConfigurations = (
				AB097455271D69B3005D9037 /* Debug */,
				AB097456271D69B3005D9037 /* Release */,
			);
			defaultConfigurationIsVisible = 0;
			defaultConfigurationName = Release;
		};
/* End XCConfigurationList section */

/* Begin XCVersionGroup section */
		AB09745A271D6F15005D9037 /* Birdcalls.xcdatamodeld */ = {
			isa = XCVersionGroup;
			children = (
				AB09745B271D6F15005D9037 /* Model.xcdatamodel */,
			);
			currentVersion = AB09745B271D6F15005D9037 /* Model.xcdatamodel */;
			path = Birdcalls.xcdatamodeld;
			sourceTree = "<group>";
			versionGroupType = wrapper.xcdatamodel;
		};
/* End XCVersionGroup section */
	};
	rootObject = AB097438271D69B2005D9037 /* Project object */;
}
